// !$*UTF8*$!
{
	archiveVersion = 1;
	classes = {
	};
	objectVersion = 56;
	objects = {

/* Begin PBXBuildFile section */
		// App Files
		1A000001 /* IslaBooks.swift in Sources */ = {isa = PBXBuildFile; fileRef = 1A000002 /* IslaBooks.swift */; };
		1A000003 /* ContentView.swift in Sources */ = {isa = PBXBuildFile; fileRef = 1A000004 /* ContentView.swift */; };
		1A000005 /* AppConfiguration.swift in Sources */ = {isa = PBXBuildFile; fileRef = 1A000006 /* AppConfiguration.swift */; };

		// Core Data
		1A000007 /* IslaBooks.xcdatamodeld in Sources */ = {isa = PBXBuildFile; fileRef = 1A000008 /* IslaBooks.xcdatamodeld */; };
		1A000009 /* PersistenceController.swift in Sources */ = {isa = PBXBuildFile; fileRef = 1A00000A /* PersistenceController.swift */; };

		// Services
		1A00000B /* BookService.swift in Sources */ = {isa = PBXBuildFile; fileRef = 1A00000C /* BookService.swift */; };
		1A00000D /* BookImportService.swift in Sources */ = {isa = PBXBuildFile; fileRef = 1A00000E /* BookImportService.swift */; };
		1A00000F /* BookParsingService.swift in Sources */ = {isa = PBXBuildFile; fileRef = 1A000010 /* BookParsingService.swift */; };
		1A000011 /* SyncService.swift in Sources */ = {isa = PBXBuildFile; fileRef = 1A000012 /* SyncService.swift */; };
		1A000013 /* AnalyticsService.swift in Sources */ = {isa = PBXBuildFile; fileRef = 1A000014 /* AnalyticsService.swift */; };
		1A000015 /* DataDeletionService.swift in Sources */ = {isa = PBXBuildFile; fileRef = 1A000016 /* DataDeletionService.swift */; };
		1A000017 /* DataExportService.swift in Sources */ = {isa = PBXBuildFile; fileRef = 1A000018 /* DataExportService.swift */; };

		// Network
		1A000019 /* APIClient.swift in Sources */ = {isa = PBXBuildFile; fileRef = 1A00001A /* APIClient.swift */; };

		// Features - Discovery
		1A00001B /* DiscoveryView.swift in Sources */ = {isa = PBXBuildFile; fileRef = 1A00001C /* DiscoveryView.swift */; };
		1A00001D /* DiscoveryViewModel.swift in Sources */ = {isa = PBXBuildFile; fileRef = 1A00001E /* DiscoveryViewModel.swift */; };

		// Features - Library
		1A00001F /* LibraryView.swift in Sources */ = {isa = PBXBuildFile; fileRef = 1A000020 /* LibraryView.swift */; };
		1A000021 /* LibraryViewModel.swift in Sources */ = {isa = PBXBuildFile; fileRef = 1A000022 /* LibraryViewModel.swift */; };

		// Features - Settings
		1A000023 /* SettingsView.swift in Sources */ = {isa = PBXBuildFile; fileRef = 1A000024 /* SettingsView.swift */; };

		// Utils
		1A000025 /* FileManager+Extensions.swift in Sources */ = {isa = PBXBuildFile; fileRef = 1A000026 /* FileManager+Extensions.swift */; };
		1A000027 /* String+Extensions.swift in Sources */ = {isa = PBXBuildFile; fileRef = 1A000028 /* String+Extensions.swift */; };
		1A000029 /* Date+Extensions.swift in Sources */ = {isa = PBXBuildFile; fileRef = 1A00002A /* Date+Extensions.swift */; };

		// Assets
		1A00002B /* Assets.xcassets in Resources */ = {isa = PBXBuildFile; fileRef = 1A00002C /* Assets.xcassets */; };
		1A00002D /* Info.plist in Resources */ = {isa = PBXBuildFile; fileRef = 1A00002E /* Info.plist */; };

		// Package Dependencies
		1A00002F /* ZIPFoundation in Frameworks */ = {isa = PBXBuildFile; productRef = 1A000030 /* ZIPFoundation */; };
		1A000031 /* CloudKit.framework in Frameworks */ = {isa = PBXBuildFile; fileRef = 1A000032 /* CloudKit.framework */; };
/* End PBXBuildFile section */

/* Begin PBXFileReference section */
		// App
		1A000001 /* IslaBooks.app */ = {isa = PBXFileReference; explicitFileType = wrapper.application; includeInIndex = 0; path = IslaBooks.app; sourceTree = BUILT_PRODUCTS_DIR; };
		1A000002 /* IslaBooks.swift */ = {isa = PBXFileReference; lastKnownFileType = sourcecode.swift; path = IslaBooks.swift; sourceTree = "<group>"; };
		1A000004 /* ContentView.swift */ = {isa = PBXFileReference; lastKnownFileType = sourcecode.swift; path = ContentView.swift; sourceTree = "<group>"; };
		1A000006 /* AppConfiguration.swift */ = {isa = PBXFileReference; lastKnownFileType = sourcecode.swift; path = AppConfiguration.swift; sourceTree = "<group>"; };

		// Core Data
		1A000008 /* IslaBooks.xcdatamodeld */ = {isa = PBXVersionGroup; children = (1A000009 /* IslaBooks.xcdatamodel */); currentVersion = 1A000009 /* IslaBooks.xcdatamodel */; path = IslaBooks.xcdatamodeld; sourceTree = "<group>"; versionGroupType = wrapper.xcdatamodel; };
		1A00000A /* PersistenceController.swift */ = {isa = PBXFileReference; lastKnownFileType = sourcecode.swift; path = PersistenceController.swift; sourceTree = "<group>"; };

		// Services
		1A00000C /* BookService.swift */ = {isa = PBXFileReference; lastKnownFileType = sourcecode.swift; path = BookService.swift; sourceTree = "<group>"; };
		1A00000E /* BookImportService.swift */ = {isa = PBXFileReference; lastKnownFileType = sourcecode.swift; path = BookImportService.swift; sourceTree = "<group>"; };
		1A000010 /* BookParsingService.swift */ = {isa = PBXFileReference; lastKnownFileType = sourcecode.swift; path = BookParsingService.swift; sourceTree = "<group>"; };
		1A000012 /* SyncService.swift */ = {isa = PBXFileReference; lastKnownFileType = sourcecode.swift; path = SyncService.swift; sourceTree = "<group>"; };
		1A000014 /* AnalyticsService.swift */ = {isa = PBXFileReference; lastKnownFileType = sourcecode.swift; path = AnalyticsService.swift; sourceTree = "<group>"; };
		1A000016 /* DataDeletionService.swift */ = {isa = PBXFileReference; lastKnownFileType = sourcecode.swift; path = DataDeletionService.swift; sourceTree = "<group>"; };
		1A000018 /* DataExportService.swift */ = {isa = PBXFileReference; lastKnownFileType = sourcecode.swift; path = DataExportService.swift; sourceTree = "<group>"; };

		// Network
		1A00001A /* APIClient.swift */ = {isa = PBXFileReference; lastKnownFileType = sourcecode.swift; path = APIClient.swift; sourceTree = "<group>"; };

		// Features
		1A00001C /* DiscoveryView.swift */ = {isa = PBXFileReference; lastKnownFileType = sourcecode.swift; path = DiscoveryView.swift; sourceTree = "<group>"; };
		1A00001E /* DiscoveryViewModel.swift */ = {isa = PBXFileReference; lastKnownFileType = sourcecode.swift; path = DiscoveryViewModel.swift; sourceTree = "<group>"; };
		1A000020 /* LibraryView.swift */ = {isa = PBXFileReference; lastKnownFileType = sourcecode.swift; path = LibraryView.swift; sourceTree = "<group>"; };
		1A000022 /* LibraryViewModel.swift */ = {isa = PBXFileReference; lastKnownFileType = sourcecode.swift; path = LibraryViewModel.swift; sourceTree = "<group>"; };
		1A000024 /* SettingsView.swift */ = {isa = PBXFileReference; lastKnownFileType = sourcecode.swift; path = SettingsView.swift; sourceTree = "<group>"; };

		// Utils
		1A000026 /* FileManager+Extensions.swift */ = {isa = PBXFileReference; lastKnownFileType = sourcecode.swift; path = "FileManager+Extensions.swift"; sourceTree = "<group>"; };
		1A000028 /* String+Extensions.swift */ = {isa = PBXFileReference; lastKnownFileType = sourcecode.swift; path = "String+Extensions.swift"; sourceTree = "<group>"; };
		1A00002A /* Date+Extensions.swift */ = {isa = PBXFileReference; lastKnownFileType = sourcecode.swift; path = "Date+Extensions.swift"; sourceTree = "<group>"; };

		// Resources
		1A00002C /* Assets.xcassets */ = {isa = PBXFileReference; lastKnownFileType = folder.assetcatalog; path = Assets.xcassets; sourceTree = "<group>"; };
		1A00002E /* Info.plist */ = {isa = PBXFileReference; lastKnownFileType = text.plist.xml; path = Info.plist; sourceTree = "<group>"; };

		// System Frameworks
		1A000032 /* CloudKit.framework */ = {isa = PBXFileReference; lastKnownFileType = wrapper.framework; name = CloudKit.framework; path = System/Library/Frameworks/CloudKit.framework; sourceTree = SDKROOT; };
/* End PBXFileReference section */

/* Begin PBXFrameworksBuildPhase section */
		1A000033 /* Frameworks */ = {
			isa = PBXFrameworksBuildPhase;
			buildActionMask = 2147483647;
			files = (
				1A00002F /* ZIPFoundation in Frameworks */,
				1A000031 /* CloudKit.framework in Frameworks */,
			);
			runOnlyForDeploymentPostprocessing = 0;
		};
/* End PBXFrameworksBuildPhase section */

/* Begin PBXGroup section */
		1A000034 = {
			isa = PBXGroup;
			children = (
				1A000035 /* IslaBooks */,
				1A000036 /* Products */,
				1A000037 /* Frameworks */,
			);
			sourceTree = "<group>";
		};
		1A000035 /* IslaBooks */ = {
			isa = PBXGroup;
			children = (
				1A000038 /* App */,
				1A000039 /* Features */,
				1A00003A /* Core */,
				1A00003B /* Resources */,
				1A000004 /* ContentView.swift */,
			);
			path = IslaBooks;
			sourceTree = "<group>";
		};
		1A000036 /* Products */ = {
			isa = PBXGroup;
			children = (
				1A000001 /* IslaBooks.app */,
			);
			name = Products;
			sourceTree = "<group>";
		};
		1A000037 /* Frameworks */ = {
			isa = PBXGroup;
			children = (
				1A000032 /* CloudKit.framework */,
			);
			name = Frameworks;
			sourceTree = "<group>";
		};
		1A000038 /* App */ = {
			isa = PBXGroup;
			children = (
				1A000002 /* IslaBooks.swift */,
				1A000006 /* AppConfiguration.swift */,
			);
			path = App;
			sourceTree = "<group>";
		};
		1A000039 /* Features */ = {
			isa = PBXGroup;
			children = (
				1A00003C /* Discovery */,
				1A00003D /* Library */,
				1A00003E /* Settings */,
			);
			path = Features;
			sourceTree = "<group>";
		};
		1A00003A /* Core */ = {
			isa = PBXGroup;
			children = (
				1A00003F /* Data */,
				1A000040 /* Network */,
				1A000041 /* Services */,
				1A000042 /* Utils */,
			);
			path = Core;
			sourceTree = "<group>";
		};
		1A00003B /* Resources */ = {
			isa = PBXGroup;
			children = (
				1A00002C /* Assets.xcassets */,
				1A00002E /* Info.plist */,
			);
			path = Resources;
			sourceTree = "<group>";
		};
		1A00003C /* Discovery */ = {
			isa = PBXGroup;
			children = (
				1A000043 /* Views */,
				1A000044 /* ViewModels */,
			);
			path = Discovery;
			sourceTree = "<group>";
		};
		1A00003D /* Library */ = {
			isa = PBXGroup;
			children = (
				1A000045 /* Views */,
				1A000046 /* ViewModels */,
			);
			path = Library;
			sourceTree = "<group>";
		};
		1A00003E /* Settings */ = {
			isa = PBXGroup;
			children = (
				1A000047 /* Views */,
			);
			path = Settings;
			sourceTree = "<group>";
		};
		1A00003F /* Data */ = {
			isa = PBXGroup;
			children = (
				1A000048 /* CoreData */,
			);
			path = Data;
			sourceTree = "<group>";
		};
		1A000040 /* Network */ = {
			isa = PBXGroup;
			children = (
				1A00001A /* APIClient.swift */,
			);
			path = Network;
			sourceTree = "<group>";
		};
		1A000041 /* Services */ = {
			isa = PBXGroup;
			children = (
				1A00000C /* BookService.swift */,
				1A00000E /* BookImportService.swift */,
				1A000010 /* BookParsingService.swift */,
				1A000012 /* SyncService.swift */,
				1A000014 /* AnalyticsService.swift */,
				1A000016 /* DataDeletionService.swift */,
				1A000018 /* DataExportService.swift */,
			);
			path = Services;
			sourceTree = "<group>";
		};
		1A000042 /* Utils */ = {
			isa = PBXGroup;
			children = (
				1A000026 /* FileManager+Extensions.swift */,
				1A000028 /* String+Extensions.swift */,
				1A00002A /* Date+Extensions.swift */,
			);
			path = Utils;
			sourceTree = "<group>";
		};
		1A000043 /* Views */ = {
			isa = PBXGroup;
			children = (
				1A00001C /* DiscoveryView.swift */,
			);
			path = Views;
			sourceTree = "<group>";
		};
		1A000044 /* ViewModels */ = {
			isa = PBXGroup;
			children = (
				1A00001E /* DiscoveryViewModel.swift */,
			);
			path = ViewModels;
			sourceTree = "<group>";
		};
		1A000045 /* Views */ = {
			isa = PBXGroup;
			children = (
				1A000020 /* LibraryView.swift */,
			);
			path = Views;
			sourceTree = "<group>";
		};
		1A000046 /* ViewModels */ = {
			isa = PBXGroup;
			children = (
				1A000022 /* LibraryViewModel.swift */,
			);
			path = ViewModels;
			sourceTree = "<group>";
		};
		1A000047 /* Views */ = {
			isa = PBXGroup;
			children = (
				1A000024 /* SettingsView.swift */,
			);
			path = Views;
			sourceTree = "<group>";
		};
		1A000048 /* CoreData */ = {
			isa = PBXGroup;
			children = (
				1A000008 /* IslaBooks.xcdatamodeld */,
				1A00000A /* PersistenceController.swift */,
			);
			path = CoreData;
			sourceTree = "<group>";
		};
/* End PBXGroup section */

/* Begin PBXNativeTarget section */
		1A000049 /* IslaBooks */ = {
			isa = PBXNativeTarget;
			buildConfigurationList = 1A00004A /* Build configuration list for PBXNativeTarget "IslaBooks" */;
			buildPhases = (
				1A00004B /* Sources */,
				1A000033 /* Frameworks */,
				1A00004C /* Resources */,
			);
			buildRules = (
			);
			dependencies = (
			);
			name = IslaBooks;
			packageProductDependencies = (
				1A000030 /* ZIPFoundation */,
			);
			productName = IslaBooks;
			productReference = 1A000001 /* IslaBooks.app */;
			productType = "com.apple.product-type.application";
		};
/* End PBXNativeTarget section */

/* Begin PBXProject section */
		1A00004D /* Project object */ = {
			isa = PBXProject;
			attributes = {
				BuildIndependentTargetsInParallel = 1;
				LastSwiftUpdateCheck = 1500;
				LastUpgradeCheck = 1500;
				TargetAttributes = {
					1A000049 = {
						CreatedOnToolsVersion = 15.0;
					};
				};
			};
			buildConfigurationList = 1A00004E /* Build configuration list for PBXProject "IslaBooks" */;
			compatibilityVersion = "Xcode 14.0";
			developmentRegion = "zh-Hans";
			hasScannedForEncodings = 0;
			knownRegions = (
				"zh-Hans",
				"zh-Hant",
				en,
				Base,
			);
			mainGroup = 1A000034;
			packageReferences = (
				1A00004F /* XCRemoteSwiftPackageReference "ZIPFoundation" */,
			);
			productRefGroup = 1A000036 /* Products */;
			projectDirPath = "";
			projectRoot = "";
			targets = (
				1A000049 /* IslaBooks */,
			);
		};
/* End PBXProject section */

/* Begin PBXResourcesBuildPhase section */
		1A00004C /* Resources */ = {
			isa = PBXResourcesBuildPhase;
			buildActionMask = 2147483647;
			files = (
				1A00002B /* Assets.xcassets in Resources */,
				1A00002D /* Info.plist in Resources */,
			);
			runOnlyForDeploymentPostprocessing = 0;
		};
/* End PBXResourcesBuildPhase section */

/* Begin PBXSourcesBuildPhase section */
		1A00004B /* Sources */ = {
			isa = PBXSourcesBuildPhase;
			buildActionMask = 2147483647;
			files = (
				1A000001 /* IslaBooks.swift in Sources */,
				1A000003 /* ContentView.swift in Sources */,
				1A000005 /* AppConfiguration.swift in Sources */,
				1A000007 /* IslaBooks.xcdatamodeld in Sources */,
				1A000009 /* PersistenceController.swift in Sources */,
				1A00000B /* BookService.swift in Sources */,
				1A00000D /* BookImportService.swift in Sources */,
				1A00000F /* BookParsingService.swift in Sources */,
				1A000011 /* SyncService.swift in Sources */,
				1A000013 /* AnalyticsService.swift in Sources */,
				1A000015 /* DataDeletionService.swift in Sources */,
				1A000017 /* DataExportService.swift in Sources */,
				1A000019 /* APIClient.swift in Sources */,
				1A00001B /* DiscoveryView.swift in Sources */,
				1A00001D /* DiscoveryViewModel.swift in Sources */,
				1A00001F /* LibraryView.swift in Sources */,
				1A000021 /* LibraryViewModel.swift in Sources */,
				1A000023 /* SettingsView.swift in Sources */,
				1A000025 /* FileManager+Extensions.swift in Sources */,
				1A000027 /* String+Extensions.swift in Sources */,
				1A000029 /* Date+Extensions.swift in Sources */,
			);
			runOnlyForDeploymentPostprocessing = 0;
		};
/* End PBXSourcesBuildPhase section */

/* Begin XCBuildConfiguration section */
		1A000050 /* Debug */ = {
			isa = XCBuildConfiguration;
			buildSettings = {
				ALWAYS_SEARCH_USER_PATHS = NO;
				ASSETCATALOG_COMPILER_GENERATE_SWIFT_ASSET_SYMBOL_EXTENSIONS = YES;
				CLANG_ANALYZER_NONNULL = YES;
				CLANG_ANALYZER_NUMBER_OBJECT_CONVERSION = YES_AGGRESSIVE;
				CLANG_CXX_LANGUAGE_STANDARD = "gnu++20";
				CLANG_ENABLE_MODULES = YES;
				CLANG_ENABLE_OBJC_ARC = YES;
				CLANG_ENABLE_OBJC_WEAK = YES;
				CLANG_WARN_BLOCK_CAPTURE_AUTORELEASING = YES;
				CLANG_WARN_BOOL_CONVERSION = YES;
				CLANG_WARN_COMMA = YES;
				CLANG_WARN_CONSTANT_CONVERSION = YES;
				CLANG_WARN_DEPRECATED_OBJC_IMPLEMENTATIONS = YES;
				CLANG_WARN_DIRECT_OBJC_ISA_USAGE = YES_ERROR;
				CLANG_WARN_DOCUMENTATION_COMMENTS = YES;
				CLANG_WARN_EMPTY_BODY = YES;
				CLANG_WARN_ENUM_CONVERSION = YES;
				CLANG_WARN_INFINITE_RECURSION = YES;
				CLANG_WARN_INT_CONVERSION = YES;
				CLANG_WARN_NON_LITERAL_NULL_CONVERSION = YES;
				CLANG_WARN_OBJC_IMPLICIT_RETAIN_SELF = YES;
				CLANG_WARN_OBJC_LITERAL_CONVERSION = YES;
				CLANG_WARN_OBJC_ROOT_CLASS = YES_ERROR;
				CLANG_WARN_QUOTED_INCLUDE_IN_FRAMEWORK_HEADER = YES;
				CLANG_WARN_RANGE_LOOP_ANALYSIS = YES;
				CLANG_WARN_STRICT_PROTOTYPES = YES;
				CLANG_WARN_SUSPICIOUS_MOVE = YES;
				CLANG_WARN_UNGUARDED_AVAILABILITY = YES_AGGRESSIVE;
				CLANG_WARN_UNREACHABLE_CODE = YES;
				CLANG_WARN__DUPLICATE_METHOD_MATCH = YES;
				COPY_PHASE_STRIP = NO;
				DEBUG_INFORMATION_FORMAT = dwarf;
				ENABLE_STRICT_OBJC_MSGSEND = YES;
				ENABLE_TESTABILITY = YES;
				ENABLE_USER_SCRIPT_SANDBOXING = YES;
				GCC_C_LANGUAGE_STANDARD = gnu17;
				GCC_DYNAMIC_NO_PIC = NO;
				GCC_NO_COMMON_BLOCKS = YES;
				GCC_OPTIMIZATION_LEVEL = 0;
				GCC_PREPROCESSOR_DEFINITIONS = (
					"DEBUG=1",
					"$(inherited)",
				);
				GCC_WARN_64_TO_32_BIT_CONVERSION = YES;
				GCC_WARN_ABOUT_RETURN_TYPE = YES_ERROR;
				GCC_WARN_UNDECLARED_SELECTOR = YES;
				GCC_WARN_UNINITIALIZED_AUTOS = YES_AGGRESSIVE;
				GCC_WARN_UNUSED_FUNCTION = YES;
				GCC_WARN_UNUSED_VARIABLE = YES;
				IPHONEOS_DEPLOYMENT_TARGET = 16.0;
				LOCALIZATION_PREFERS_STRING_CATALOGS = YES;
				MTL_ENABLE_DEBUG_INFO = INCLUDE_SOURCE;
				MTL_FAST_MATH = YES;
				ONLY_ACTIVE_ARCH = YES;
				SDKROOT = iphoneos;
				SWIFT_ACTIVE_COMPILATION_CONDITIONS = "DEBUG $(inherited)";
				SWIFT_OPTIMIZATION_LEVEL = "-Onone";
			};
			name = Debug;
		};
		1A000051 /* Release */ = {
			isa = XCBuildConfiguration;
			buildSettings = {
				ALWAYS_SEARCH_USER_PATHS = NO;
				ASSETCATALOG_COMPILER_GENERATE_SWIFT_ASSET_SYMBOL_EXTENSIONS = YES;
				CLANG_ANALYZER_NONNULL = YES;
				CLANG_ANALYZER_NUMBER_OBJECT_CONVERSION = YES_AGGRESSIVE;
				CLANG_CXX_LANGUAGE_STANDARD = "gnu++20";
				CLANG_ENABLE_MODULES = YES;
				CLANG_ENABLE_OBJC_ARC = YES;
				CLANG_ENABLE_OBJC_WEAK = YES;
				CLANG_WARN_BLOCK_CAPTURE_AUTORELEASING = YES;
				CLANG_WARN_BOOL_CONVERSION = YES;
				CLANG_WARN_COMMA = YES;
				CLANG_WARN_CONSTANT_CONVERSION = YES;
				CLANG_WARN_DEPRECATED_OBJC_IMPLEMENTATIONS = YES;
				CLANG_WARN_DIRECT_OBJC_ISA_USAGE = YES_ERROR;
				CLANG_WARN_DOCUMENTATION_COMMENTS = YES;
				CLANG_WARN_EMPTY_BODY = YES;
				CLANG_WARN_ENUM_CONVERSION = YES;
				CLANG_WARN_INFINITE_RECURSION = YES;
				CLANG_WARN_INT_CONVERSION = YES;
				CLANG_WARN_NON_LITERAL_NULL_CONVERSION = YES;
				CLANG_WARN_OBJC_IMPLICIT_RETAIN_SELF = YES;
				CLANG_WARN_OBJC_LITERAL_CONVERSION = YES;
				CLANG_WARN_OBJC_ROOT_CLASS = YES_ERROR;
				CLANG_WARN_QUOTED_INCLUDE_IN_FRAMEWORK_HEADER = YES;
				CLANG_WARN_RANGE_LOOP_ANALYSIS = YES;
				CLANG_WARN_STRICT_PROTOTYPES = YES;
				CLANG_WARN_SUSPICIOUS_MOVE = YES;
				CLANG_WARN_UNGUARDED_AVAILABILITY = YES_AGGRESSIVE;
				CLANG_WARN_UNREACHABLE_CODE = YES;
				CLANG_WARN__DUPLICATE_METHOD_MATCH = YES;
				COPY_PHASE_STRIP = NO;
				DEBUG_INFORMATION_FORMAT = "dwarf-with-dsym";
				ENABLE_NS_ASSERTIONS = NO;
				ENABLE_STRICT_OBJC_MSGSEND = YES;
				ENABLE_USER_SCRIPT_SANDBOXING = YES;
				GCC_C_LANGUAGE_STANDARD = gnu17;
				GCC_NO_COMMON_BLOCKS = YES;
				GCC_WARN_64_TO_32_BIT_CONVERSION = YES;
				GCC_WARN_ABOUT_RETURN_TYPE = YES_ERROR;
				GCC_WARN_UNDECLARED_SELECTOR = YES;
				GCC_WARN_UNINITIALIZED_AUTOS = YES_AGGRESSIVE;
				GCC_WARN_UNUSED_FUNCTION = YES;
				GCC_WARN_UNUSED_VARIABLE = YES;
				IPHONEOS_DEPLOYMENT_TARGET = 16.0;
				LOCALIZATION_PREFERS_STRING_CATALOGS = YES;
				MTL_ENABLE_DEBUG_INFO = NO;
				MTL_FAST_MATH = YES;
				SDKROOT = iphoneos;
				SWIFT_COMPILATION_MODE = wholemodule;
				VALIDATE_PRODUCT = YES;
			};
			name = Release;
		};
		1A000052 /* Debug */ = {
			isa = XCBuildConfiguration;
			buildSettings = {
				ASSETCATALOG_COMPILER_APPICON_NAME = AppIcon;
				ASSETCATALOG_COMPILER_GLOBAL_ACCENT_COLOR_NAME = AccentColor;
				CODE_SIGN_ENTITLEMENTS = IslaBooks/IslaBooks.entitlements;
				CODE_SIGN_STYLE = Automatic;
				CURRENT_PROJECT_VERSION = 1;
				DEVELOPMENT_ASSET_PATHS = "\"IslaBooks/Preview Content\"";
				DEVELOPMENT_TEAM = "";
				ENABLE_PREVIEWS = YES;
				GENERATE_INFOPLIST_FILE = NO;
				INFOPLIST_FILE = IslaBooks/Info.plist;
				INFOPLIST_KEY_CFBundleDisplayName = "IslaBooks";
				INFOPLIST_KEY_UIApplicationSceneManifest_Generation = YES;
				INFOPLIST_KEY_UIApplicationSupportsIndirectInputEvents = YES;
				INFOPLIST_KEY_UILaunchScreen_Generation = YES;
				INFOPLIST_KEY_UISupportedInterfaceOrientations = "UIInterfaceOrientationPortrait UIInterfaceOrientationLandscapeLeft UIInterfaceOrientationLandscapeRight";
				INFOPLIST_KEY_UISupportedInterfaceOrientations_iPad = "UIInterfaceOrientationPortrait UIInterfaceOrientationPortraitUpsideDown UIInterfaceOrientationLandscapeLeft UIInterfaceOrientationLandscapeRight";
				IPHONEOS_DEPLOYMENT_TARGET = 16.0;
				LD_RUNPATH_SEARCH_PATHS = (
					"$(inherited)",
					"@executable_path/Frameworks",
				);
				MARKETING_VERSION = 1.0;
				PRODUCT_BUNDLE_IDENTIFIER = com.islabooks.app;
				PRODUCT_NAME = "$(TARGET_NAME)";
				SUPPORTED_PLATFORMS = "iphoneos iphonesimulator";
				SUPPORTS_MACCATALYST = NO;
				SUPPORTS_MAC_DESIGNED_FOR_IPHONE_IPAD = NO;
				SWIFT_EMIT_LOC_STRINGS = YES;
				SWIFT_VERSION = 5.0;
				TARGETED_DEVICE_FAMILY = "1,2";
			};
			name = Debug;
		};
		1A000053 /* Release */ = {
			isa = XCBuildConfiguration;
			buildSettings = {
				ASSETCATALOG_COMPILER_APPICON_NAME = AppIcon;
				ASSETCATALOG_COMPILER_GLOBAL_ACCENT_COLOR_NAME = AccentColor;
				CODE_SIGN_ENTITLEMENTS = IslaBooks/IslaBooks.entitlements;
				CODE_SIGN_STYLE = Automatic;
				CURRENT_PROJECT_VERSION = 1;
				DEVELOPMENT_ASSET_PATHS = "\"IslaBooks/Preview Content\"";
				DEVELOPMENT_TEAM = "";
				ENABLE_PREVIEWS = YES;
				GENERATE_INFOPLIST_FILE = NO;
				INFOPLIST_FILE = IslaBooks/Info.plist;
				INFOPLIST_KEY_CFBundleDisplayName = "IslaBooks";
				INFOPLIST_KEY_UIApplicationSceneManifest_Generation = YES;
				INFOPLIST_KEY_UIApplicationSupportsIndirectInputEvents = YES;
				INFOPLIST_KEY_UILaunchScreen_Generation = YES;
				INFOPLIST_KEY_UISupportedInterfaceOrientations = "UIInterfaceOrientationPortrait UIInterfaceOrientationLandscapeLeft UIInterfaceOrientationLandscapeRight";
				INFOPLIST_KEY_UISupportedInterfaceOrientations_iPad = "UIInterfaceOrientationPortrait UIInterfaceOrientationPortraitUpsideDown UIInterfaceOrientationLandscapeLeft UIInterfaceOrientationLandscapeRight";
				IPHONEOS_DEPLOYMENT_TARGET = 16.0;
				LD_RUNPATH_SEARCH_PATHS = (
					"$(inherited)",
					"@executable_path/Frameworks",
				);
				MARKETING_VERSION = 1.0;
				PRODUCT_BUNDLE_IDENTIFIER = com.islabooks.app;
				PRODUCT_NAME = "$(TARGET_NAME)";
				SUPPORTED_PLATFORMS = "iphoneos iphonesimulator";
				SUPPORTS_MACCATALYST = NO;
				SUPPORTS_MAC_DESIGNED_FOR_IPHONE_IPAD = NO;
				SWIFT_EMIT_LOC_STRINGS = YES;
				SWIFT_VERSION = 5.0;
				TARGETED_DEVICE_FAMILY = "1,2";
			};
			name = Release;
		};
/* End XCBuildConfiguration section */

/* Begin XCConfigurationList section */
		1A00004A /* Build configuration list for PBXNativeTarget "IslaBooks" */ = {
			isa = XCConfigurationList;
			buildConfigurations = (
				1A000052 /* Debug */,
				1A000053 /* Release */,
			);
			defaultConfigurationIsVisible = 0;
			defaultConfigurationName = Release;
		};
		1A00004E /* Build configuration list for PBXProject "IslaBooks" */ = {
			isa = XCConfigurationList;
			buildConfigurations = (
				1A000050 /* Debug */,
				1A000051 /* Release */,
			);
			defaultConfigurationIsVisible = 0;
			defaultConfigurationName = Release;
		};
/* End XCConfigurationList section */

/* Begin XCRemoteSwiftPackageReference section */
		1A00004F /* XCRemoteSwiftPackageReference "ZIPFoundation" */ = {
			isa = XCRemoteSwiftPackageReference;
			repositoryURL = "https://github.com/weichsel/ZIPFoundation.git";
			requirement = {
				kind = upToNextMajorVersion;
				minimumVersion = 0.9.16;
			};
		};
/* End XCRemoteSwiftPackageReference section */

/* Begin XCSwiftPackageProductDependency section */
		1A000030 /* ZIPFoundation */ = {
			isa = XCSwiftPackageProductDependency;
			package = 1A00004F /* XCRemoteSwiftPackageReference "ZIPFoundation" */;
			productName = ZIPFoundation;
		};
/* End XCSwiftPackageProductDependency section */

/* Begin XCVersionGroup section */
		1A000008 /* IslaBooks.xcdatamodeld */ = {
			isa = XCVersionGroup;
			children = (
				1A000009 /* IslaBooks.xcdatamodel */,
			);
			currentVersion = 1A000009 /* IslaBooks.xcdatamodel */;
			path = IslaBooks.xcdatamodeld;
			sourceTree = "<group>";
			versionGroupType = wrapper.xcdatamodel;
		};
/* End XCVersionGroup section */
	};
	rootObject = 1A00004D /* Project object */;
}

